
Microsoft Visual Studio Solution File, Format Version 12.00
# Visual Studio 15
VisualStudioVersion = 15.0.27004.2002
MinimumVisualStudioVersion = 10.0.40219.1
Project("{FAE04EC0-301F-11D3-BF4B-00C04F79EFBC}") = "MultidumperGUI", "MultidumperGUI.csproj", "{ACAEB46D-CC86-4EFA-A6C9-2ABD7C0E6D9F}"
EndProject
Global
	GlobalSection(SolutionConfigurationPlatforms) = preSolution
		Debug|Any CPU = Debug|Any CPU
		Release|Any CPU = Release|Any CPU
	EndGlobalSection
	GlobalSection(ProjectConfigurationPlatforms) = postSolution
		{ACAEB46D-CC86-4EFA-A6C9-2ABD7C0E6D9F}.Debug|Any CPU.ActiveCfg = Debug|Any CPU
		{ACAEB46D-CC86-4EFA-A6C9-2ABD7C0E6D9F}.Debug|Any CPU.Build.0 = Debug|Any CPU
		{ACAEB46D-CC86-4EFA-A6C9-2ABD7C0E6D9F}.Release|Any CPU.ActiveCfg = Release|Any CPU
		{ACAEB46D-CC86-4EFA-A6C9-2ABD7C0E6D9F}.Release|Any CPU.Build.0 = Release|Any CPU
	EndGlobalSection
	GlobalSection(SolutionProperties) = preSolution
		HideSolutionNode = FALSE
	EndGlobalSection
	GlobalSection(ExtensibilityGlobals) = postSolution
		SolutionGuid = {F5A8F9DC-CFF0-49FE-8C82-E02A0C9752E0}
	EndGlobalSection
EndGlobal
